
Microsoft Visual Studio Solution File, Format Version 12.00
# Visual Studio 2015
Project("{FAE04EC0-301F-11D3-BF4B-00C04F79EFBC}") = "UnityBillboarding.Plugins", "UnityBillboarding.Plugins.csproj", "{44A443B9-75BB-D7FE-FF17-CE510FCC819D}"
EndProject
Project("{FAE04EC0-301F-11D3-BF4B-00C04F79EFBC}") = "UnityBillboarding", "UnityBillboarding.csproj", "{88C2AA9F-AD82-D9C6-D2A9-BD3EAB1EBB36}"
EndProject
Project("{FAE04EC0-301F-11D3-BF4B-00C04F79EFBC}") = "UnityBillboarding.Editor", "UnityBillboarding.Editor.csproj", "{D8E39580-5548-D341-3A5F-59B1DF110562}"
EndProject
Global
	GlobalSection(SolutionConfigurationPlatforms) = preSolution
		Debug|Any CPU = Debug|Any CPU
		Release|Any CPU = Release|Any CPU
	EndGlobalSection
	GlobalSection(ProjectConfigurationPlatforms) = postSolution
		{44A443B9-75BB-D7FE-FF17-CE510FCC819D}.Debug|Any CPU.ActiveCfg = Debug|Any CPU
		{44A443B9-75BB-D7FE-FF17-CE510FCC819D}.Debug|Any CPU.Build.0 = Debug|Any CPU
		{44A443B9-75BB-D7FE-FF17-CE510FCC819D}.Release|Any CPU.ActiveCfg = Release|Any CPU
		{44A443B9-75BB-D7FE-FF17-CE510FCC819D}.Release|Any CPU.Build.0 = Release|Any CPU
		{88C2AA9F-AD82-D9C6-D2A9-BD3EAB1EBB36}.Debug|Any CPU.ActiveCfg = Debug|Any CPU
		{88C2AA9F-AD82-D9C6-D2A9-BD3EAB1EBB36}.Debug|Any CPU.Build.0 = Debug|Any CPU
		{88C2AA9F-AD82-D9C6-D2A9-BD3EAB1EBB36}.Release|Any CPU.ActiveCfg = Release|Any CPU
		{88C2AA9F-AD82-D9C6-D2A9-BD3EAB1EBB36}.Release|Any CPU.Build.0 = Release|Any CPU
		{D8E39580-5548-D341-3A5F-59B1DF110562}.Debug|Any CPU.ActiveCfg = Debug|Any CPU
		{D8E39580-5548-D341-3A5F-59B1DF110562}.Debug|Any CPU.Build.0 = Debug|Any CPU
		{D8E39580-5548-D341-3A5F-59B1DF110562}.Release|Any CPU.ActiveCfg = Release|Any CPU
		{D8E39580-5548-D341-3A5F-59B1DF110562}.Release|Any CPU.Build.0 = Release|Any CPU
	EndGlobalSection
	GlobalSection(SolutionProperties) = preSolution
		HideSolutionNode = FALSE
	EndGlobalSection
EndGlobal
