Microsoft Visual Studio Solution File, Format Version 11.00
# Visual Studio 2008

Project("{962872C2-86E4-D880-3970-4EA258D5894C}") = "UnityBillboarding", "Assembly-CSharp-firstpass-vs.csproj", "{C9C2BA57-2F85-6715-FA62-E671B28CC198}"
EndProject
Project("{962872C2-86E4-D880-3970-4EA258D5894C}") = "UnityBillboarding", "Assembly-CSharp-vs.csproj", "{750AEC6D-C6C5-7C45-EBDB-D6CDE43ED5FC}"
EndProject
Project("{962872C2-86E4-D880-3970-4EA258D5894C}") = "UnityBillboarding", "Assembly-CSharp-Editor-vs.csproj", "{87DF04BE-F90D-5515-0065-27A8F2144A3C}"
EndProject
Global
	GlobalSection(SolutionConfigurationPlatforms) = preSolution
		Debug|Any CPU = Debug|Any CPU
		Release|Any CPU = Release|Any CPU
	EndGlobalSection
	GlobalSection(ProjectConfigurationPlatforms) = postSolution
		{C9C2BA57-2F85-6715-FA62-E671B28CC198}.Debug|Any CPU.ActiveCfg = Debug|Any CPU
		{C9C2BA57-2F85-6715-FA62-E671B28CC198}.Debug|Any CPU.Build.0 = Debug|Any CPU
		{C9C2BA57-2F85-6715-FA62-E671B28CC198}.Release|Any CPU.ActiveCfg = Release|Any CPU
		{C9C2BA57-2F85-6715-FA62-E671B28CC198}.Release|Any CPU.Build.0 = Release|Any CPU
		{750AEC6D-C6C5-7C45-EBDB-D6CDE43ED5FC}.Debug|Any CPU.ActiveCfg = Debug|Any CPU
		{750AEC6D-C6C5-7C45-EBDB-D6CDE43ED5FC}.Debug|Any CPU.Build.0 = Debug|Any CPU
		{750AEC6D-C6C5-7C45-EBDB-D6CDE43ED5FC}.Release|Any CPU.ActiveCfg = Release|Any CPU
		{750AEC6D-C6C5-7C45-EBDB-D6CDE43ED5FC}.Release|Any CPU.Build.0 = Release|Any CPU
		{87DF04BE-F90D-5515-0065-27A8F2144A3C}.Debug|Any CPU.ActiveCfg = Debug|Any CPU
		{87DF04BE-F90D-5515-0065-27A8F2144A3C}.Debug|Any CPU.Build.0 = Debug|Any CPU
		{87DF04BE-F90D-5515-0065-27A8F2144A3C}.Release|Any CPU.ActiveCfg = Release|Any CPU
		{87DF04BE-F90D-5515-0065-27A8F2144A3C}.Release|Any CPU.Build.0 = Release|Any CPU
	EndGlobalSection
	GlobalSection(SolutionProperties) = preSolution
		HideSolutionNode = FALSE
	EndGlobalSection
		GlobalSection(MonoDevelopProperties) = preSolution
		StartupItem = Assembly-CSharp.csproj
		Policies = $0
		$0.TextStylePolicy = $1
		$1.inheritsSet = null
		$1.scope = text/x-csharp
		$0.CSharpFormattingPolicy = $2
		$2.inheritsSet = Mono
		$2.inheritsScope = text/x-csharp
		$2.scope = text/x-csharp
		$0.TextStylePolicy = $3
		$3.FileWidth = 120
		$3.TabWidth = 4
		$3.IndentWidth = 4
		$3.EolMarker = Unix
		$3.inheritsSet = Mono
		$3.inheritsScope = text/plain
		$3.scope = text/plain
	EndGlobalSection

EndGlobal
